
Microsoft Visual Studio Solution File, Format Version 12.00
# Visual Studio Version 17
VisualStudioVersion = 17.10.35122.118
MinimumVisualStudioVersion = 10.0.40219.1
Project("{2150E333-8FDC-42A3-9474-1A3956D46DE8}") = "Domain", "Domain", "{3E02C72E-9001-4C94-B054-0E5E64508D2D}"
EndProject
Project("{2150E333-8FDC-42A3-9474-1A3956D46DE8}") = "Shared", "Shared", "{9A847CDA-5E1C-433A-9E74-3CE1AB281693}"
EndProject
Project("{2150E333-8FDC-42A3-9474-1A3956D46DE8}") = "Api", "Api", "{B9D73FD4-C5A3-4C5C-875C-64E64BC16769}"
EndProject
Project("{2150E333-8FDC-42A3-9474-1A3956D46DE8}") = "Client", "Client", "{C5212298-2675-4A78-8252-C1C7BC8F626C}"
EndProject
Project("{FAE04EC0-301F-11D3-BF4B-00C04F79EFBC}") = "ProjetoClinicaMedica.Domain", "ProjetoClinicaMedica.Domain\ProjetoClinicaMedica.Domain.csproj", "{3A541DFF-5EC0-444B-B112-9EFBEABCEDE9}"
EndProject
Global
	GlobalSection(SolutionConfigurationPlatforms) = preSolution
		Debug|Any CPU = Debug|Any CPU
		Release|Any CPU = Release|Any CPU
	EndGlobalSection
	GlobalSection(ProjectConfigurationPlatforms) = postSolution
		{3A541DFF-5EC0-444B-B112-9EFBEABCEDE9}.Debug|Any CPU.ActiveCfg = Debug|Any CPU
		{3A541DFF-5EC0-444B-B112-9EFBEABCEDE9}.Debug|Any CPU.Build.0 = Debug|Any CPU
		{3A541DFF-5EC0-444B-B112-9EFBEABCEDE9}.Release|Any CPU.ActiveCfg = Release|Any CPU
		{3A541DFF-5EC0-444B-B112-9EFBEABCEDE9}.Release|Any CPU.Build.0 = Release|Any CPU
	EndGlobalSection
	GlobalSection(SolutionProperties) = preSolution
		HideSolutionNode = FALSE
	EndGlobalSection
	GlobalSection(NestedProjects) = preSolution
		{3A541DFF-5EC0-444B-B112-9EFBEABCEDE9} = {3E02C72E-9001-4C94-B054-0E5E64508D2D}
	EndGlobalSection
	GlobalSection(ExtensibilityGlobals) = postSolution
		SolutionGuid = {D62FDA88-1BE4-4151-9ED7-4C4CCEDD826C}
	EndGlobalSection
EndGlobal
